
Microsoft Visual Studio Solution File, Format Version 12.00
# Visual Studio Version 16
VisualStudioVersion = 16.0.29806.167
MinimumVisualStudioVersion = 10.0.40219.1
Project("{9A19103F-16F7-4668-BE54-9A1E7A4F7556}") = "view", "view\view.csproj", "{5C36B395-9063-4E5F-9BF1-809DBEEFD581}"
EndProject
Project("{FAE04EC0-301F-11D3-BF4B-00C04F79EFBC}") = "viewTests", "viewTests\viewTests.csproj", "{3E9A8B4E-BBF0-4443-A939-9C03EDCA2EC4}"
EndProject
Global
	GlobalSection(SolutionConfigurationPlatforms) = preSolution
		Debug|Any CPU = Debug|Any CPU
		Release|Any CPU = Release|Any CPU
	EndGlobalSection
	GlobalSection(ProjectConfigurationPlatforms) = postSolution
		{5C36B395-9063-4E5F-9BF1-809DBEEFD581}.Debug|Any CPU.ActiveCfg = Debug|Any CPU
		{5C36B395-9063-4E5F-9BF1-809DBEEFD581}.Debug|Any CPU.Build.0 = Debug|Any CPU
		{5C36B395-9063-4E5F-9BF1-809DBEEFD581}.Release|Any CPU.ActiveCfg = Release|Any CPU
		{5C36B395-9063-4E5F-9BF1-809DBEEFD581}.Release|Any CPU.Build.0 = Release|Any CPU
		{3E9A8B4E-BBF0-4443-A939-9C03EDCA2EC4}.Debug|Any CPU.ActiveCfg = Debug|Any CPU
		{3E9A8B4E-BBF0-4443-A939-9C03EDCA2EC4}.Debug|Any CPU.Build.0 = Debug|Any CPU
		{3E9A8B4E-BBF0-4443-A939-9C03EDCA2EC4}.Release|Any CPU.ActiveCfg = Release|Any CPU
		{3E9A8B4E-BBF0-4443-A939-9C03EDCA2EC4}.Release|Any CPU.Build.0 = Release|Any CPU
	EndGlobalSection
	GlobalSection(SolutionProperties) = preSolution
		HideSolutionNode = FALSE
	EndGlobalSection
	GlobalSection(ExtensibilityGlobals) = postSolution
		SolutionGuid = {3C2EFAE3-5221-46E3-83BD-CF2FF10F41E9}
	EndGlobalSection
EndGlobal
